
Microsoft Visual Studio Solution File, Format Version 12.00
# Visual Studio Version 17
VisualStudioVersion = 17.6.33829.357
MinimumVisualStudioVersion = 10.0.40219.1
Project("{FAE04EC0-301F-11D3-BF4B-00C04F79EFBC}") = "imagecropper", "imagecropper\imagecropper.csproj", "{AAFFBF66-F76F-4BE6-8736-54A0394A1DCE}"
EndProject
Global
	GlobalSection(SolutionConfigurationPlatforms) = preSolution
		Debug|Any CPU = Debug|Any CPU
		Release|Any CPU = Release|Any CPU
	EndGlobalSection
	GlobalSection(ProjectConfigurationPlatforms) = postSolution
		{AAFFBF66-F76F-4BE6-8736-54A0394A1DCE}.Debug|Any CPU.ActiveCfg = Debug|Any CPU
		{AAFFBF66-F76F-4BE6-8736-54A0394A1DCE}.Debug|Any CPU.Build.0 = Debug|Any CPU
		{AAFFBF66-F76F-4BE6-8736-54A0394A1DCE}.Release|Any CPU.ActiveCfg = Release|Any CPU
		{AAFFBF66-F76F-4BE6-8736-54A0394A1DCE}.Release|Any CPU.Build.0 = Release|Any CPU
	EndGlobalSection
	GlobalSection(SolutionProperties) = preSolution
		HideSolutionNode = FALSE
	EndGlobalSection
	GlobalSection(ExtensibilityGlobals) = postSolution
		SolutionGuid = {4BB97837-415F-4980-AE4C-562AFB3327BC}
	EndGlobalSection
EndGlobal
